
Microsoft Visual Studio Solution File, Format Version 12.00
# Visual Studio Version 16
VisualStudioVersion = 16.0.31129.286
MinimumVisualStudioVersion = 10.0.40219.1
Project("{FAE04EC0-301F-11D3-BF4B-00C04F79EFBC}") = "Lab13(2)", "Lab13(2)\Lab13(2).csproj", "{624D2530-65DE-42FC-A05F-68B2465FD774}"
EndProject
Global
	GlobalSection(SolutionConfigurationPlatforms) = preSolution
		Debug|Any CPU = Debug|Any CPU
		Release|Any CPU = Release|Any CPU
	EndGlobalSection
	GlobalSection(ProjectConfigurationPlatforms) = postSolution
		{624D2530-65DE-42FC-A05F-68B2465FD774}.Debug|Any CPU.ActiveCfg = Debug|Any CPU
		{624D2530-65DE-42FC-A05F-68B2465FD774}.Debug|Any CPU.Build.0 = Debug|Any CPU
		{624D2530-65DE-42FC-A05F-68B2465FD774}.Release|Any CPU.ActiveCfg = Release|Any CPU
		{624D2530-65DE-42FC-A05F-68B2465FD774}.Release|Any CPU.Build.0 = Release|Any CPU
	EndGlobalSection
	GlobalSection(SolutionProperties) = preSolution
		HideSolutionNode = FALSE
	EndGlobalSection
	GlobalSection(ExtensibilityGlobals) = postSolution
		SolutionGuid = {C6C43698-79B3-413B-A542-15267AAC6AE8}
	EndGlobalSection
EndGlobal
