
Microsoft Visual Studio Solution File, Format Version 12.00
# Visual Studio Version 16
VisualStudioVersion = 16.0.30330.147
MinimumVisualStudioVersion = 10.0.40219.1
Project("{FAE04EC0-301F-11D3-BF4B-00C04F79EFBC}") = "Lab6(update)", "Lab6(update)\Lab6(update).csproj", "{5962BC26-E24B-4776-AA55-87BD5911BED6}"
EndProject
Global
	GlobalSection(SolutionConfigurationPlatforms) = preSolution
		Debug|Any CPU = Debug|Any CPU
		Release|Any CPU = Release|Any CPU
	EndGlobalSection
	GlobalSection(ProjectConfigurationPlatforms) = postSolution
		{5962BC26-E24B-4776-AA55-87BD5911BED6}.Debug|Any CPU.ActiveCfg = Debug|Any CPU
		{5962BC26-E24B-4776-AA55-87BD5911BED6}.Debug|Any CPU.Build.0 = Debug|Any CPU
		{5962BC26-E24B-4776-AA55-87BD5911BED6}.Release|Any CPU.ActiveCfg = Release|Any CPU
		{5962BC26-E24B-4776-AA55-87BD5911BED6}.Release|Any CPU.Build.0 = Release|Any CPU
	EndGlobalSection
	GlobalSection(SolutionProperties) = preSolution
		HideSolutionNode = FALSE
	EndGlobalSection
	GlobalSection(ExtensibilityGlobals) = postSolution
		SolutionGuid = {EAE04B91-CBEE-43B9-9646-2587195F0318}
	EndGlobalSection
EndGlobal
